
Microsoft Visual Studio Solution File, Format Version 12.00
# Visual Studio 15
VisualStudioVersion = 15.0.26124.0
MinimumVisualStudioVersion = 15.0.26124.0
Project("{2150E333-8FDC-42A3-9474-1A3956D46DE8}") = "src", "src", "{EF27C58D-8E33-4F61-A4E3-EC33C42D845C}"
EndProject
Project("{FAE04EC0-301F-11D3-BF4B-00C04F79EFBC}") = "Bemby.AccountModule.Api", "src\Bemby.AccountModule.Api\Bemby.AccountModule.Api.csproj", "{D50B896A-58E2-44D4-979E-DB8C9BEC1B34}"
EndProject
Project("{FAE04EC0-301F-11D3-BF4B-00C04F79EFBC}") = "Bemby.AccountModule.Application", "src\Bemby.AccountModule.Application\Bemby.AccountModule.Application.csproj", "{CAC6325F-EFB5-4C21-9B1C-A2A5846111B5}"
EndProject
Project("{FAE04EC0-301F-11D3-BF4B-00C04F79EFBC}") = "Bemby.AccountModule.Application.Interfaces", "src\Bemby.AccountModule.Application.Interfaces\Bemby.AccountModule.Application.Interfaces.csproj", "{633AA6C6-D906-46EF-89E4-D5B4E45BA6FD}"
EndProject
Project("{FAE04EC0-301F-11D3-BF4B-00C04F79EFBC}") = "Bemby.AccountModule.Domain", "src\Bemby.AccountModule.Domain\Bemby.AccountModule.Domain.csproj", "{43B3B94F-0B79-41F3-8C85-15CDDF4E45DF}"
EndProject
Project("{FAE04EC0-301F-11D3-BF4B-00C04F79EFBC}") = "Bemby.AccountModule.Infrastructure", "src\Bemby.AccountModule.Infrastructure\Bemby.AccountModule.Infrastructure.csproj", "{3813164E-5345-4A61-AEC3-F779829F41E3}"
EndProject
Project("{2150E333-8FDC-42A3-9474-1A3956D46DE8}") = "tests", "tests", "{48B886F7-0240-47F9-A7AC-FB9A9976F4E6}"
EndProject
Project("{FAE04EC0-301F-11D3-BF4B-00C04F79EFBC}") = "Bemby.AccountModule.Api.Tests", "tests\Bemby.AccountModule.Api.Tests\Bemby.AccountModule.Api.Tests.csproj", "{15D661DB-B073-4191-B22A-3B0E2355E311}"
EndProject
Project("{FAE04EC0-301F-11D3-BF4B-00C04F79EFBC}") = "Bemby.AccountModule.Application.Tests", "tests\Bemby.AccountModule.Application.Tests\Bemby.AccountModule.Application.Tests.csproj", "{80FC2442-3BF6-4D5A-A6F0-938409A83213}"
EndProject
Project("{FAE04EC0-301F-11D3-BF4B-00C04F79EFBC}") = "Bemby.AccountModule.Application.Interfaces.Tests", "tests\Bemby.AccountModule.Application.Interfaces.Tests\Bemby.AccountModule.Application.Interfaces.Tests.csproj", "{CE088F9C-AD90-4308-A3F4-DC061E37D937}"
EndProject
Project("{FAE04EC0-301F-11D3-BF4B-00C04F79EFBC}") = "Bemby.AccountModule.Domain.Tests", "tests\Bemby.AccountModule.Domain.Tests\Bemby.AccountModule.Domain.Tests.csproj", "{6706BBC4-69DA-4CBF-ABE8-F16A42720870}"
EndProject
Project("{FAE04EC0-301F-11D3-BF4B-00C04F79EFBC}") = "Bemby.AccountModule.Infrastructure.Tests", "tests\Bemby.AccountModule.Infrastructure.Tests\Bemby.AccountModule.Infrastructure.Tests.csproj", "{4791C4D3-B4A7-480D-AEA3-3658C90F8CAA}"
EndProject
Project("{2150E333-8FDC-42A3-9474-1A3956D46DE8}") = "submodules", "submodules", "{BCCCE389-0E61-4FAB-9B9A-6B9EA68DC1A4}"
EndProject
Project("{2150E333-8FDC-42A3-9474-1A3956D46DE8}") = "Nytte", "Nytte", "{E45E43EB-6239-4B67-8A58-91767A577EAA}"
EndProject
Project("{FAE04EC0-301F-11D3-BF4B-00C04F79EFBC}") = "Nytte.Email", "submodules\Nytte\src\Nytte.Email\Nytte.Email.csproj", "{9958E490-1AA6-4C1A-893B-FCD1FA64B0CC}"
EndProject
Project("{FAE04EC0-301F-11D3-BF4B-00C04F79EFBC}") = "Nytte.Email.Tests", "submodules\Nytte\tests\Nytte.Email.Tests\Nytte.Email.Tests.csproj", "{DCF531A2-5EFE-49B5-83B7-436352265373}"
EndProject
Project("{FAE04EC0-301F-11D3-BF4B-00C04F79EFBC}") = "Nytte.Testing", "submodules\Nytte\src\Nytte.Testing\Nytte.Testing.csproj", "{5A0C7286-AA9B-4D59-98C4-4CDB9D82407F}"
EndProject
Project("{2150E333-8FDC-42A3-9474-1A3956D46DE8}") = "src", "src", "{338A3996-8D90-478B-80A1-9CE36E981D37}"
EndProject
Project("{2150E333-8FDC-42A3-9474-1A3956D46DE8}") = "tests", "tests", "{F606E410-EAE6-4B8C-93A0-0E2B5FC5F2AC}"
EndProject
Project("{FAE04EC0-301F-11D3-BF4B-00C04F79EFBC}") = "Nytte.Email.Core", "submodules\Nytte\src\Nytte.Email.Core\Nytte.Email.Core.csproj", "{0E649F5E-596B-479A-A3C7-C552EC1F794E}"
EndProject
Project("{2150E333-8FDC-42A3-9474-1A3956D46DE8}") = "samples", "samples", "{048B7695-7D79-41D4-BFF8-E4AAE176D6CF}"
EndProject
Project("{FAE04EC0-301F-11D3-BF4B-00C04F79EFBC}") = "Nytte.Email.Sample", "submodules\Nytte\samples\Nytte.Email.Sample\Nytte.Email.Sample.csproj", "{E865952F-7002-4392-8971-0228F9AC5813}"
EndProject
Project("{FAE04EC0-301F-11D3-BF4B-00C04F79EFBC}") = "Nytte.Email.Razor", "submodules\Nytte\src\Nytte.Email.Razor\Nytte.Email.Razor.csproj", "{FB3896E7-D43F-4755-B399-A967D865C473}"
EndProject
Project("{FAE04EC0-301F-11D3-BF4B-00C04F79EFBC}") = "Nytte.Email.Sample.Views", "submodules\Nytte\samples\Nytte.Email.Sample.Views\Nytte.Email.Sample.Views.csproj", "{5FD7F351-B8D4-4B11-9A9B-BD342EB3E380}"
EndProject
Project("{FAE04EC0-301F-11D3-BF4B-00C04F79EFBC}") = "Nytte.Email.Sample.Models", "submodules\Nytte\samples\Nytte.Email.Sample.Models\Nytte.Email.Sample.Models.csproj", "{5AB7926F-AEA1-4BAE-9BA6-7F81431F4921}"
EndProject
Project("{FAE04EC0-301F-11D3-BF4B-00C04F79EFBC}") = "Bemby.AccountModule.EmailTemplates", "src\Bemby.AccountModule.EmailTemplates\Bemby.AccountModule.EmailTemplates.csproj", "{43642F3D-2786-4397-978C-C3D3705D6367}"
EndProject
Global
	GlobalSection(SolutionConfigurationPlatforms) = preSolution
		Debug|Any CPU = Debug|Any CPU
		Debug|x64 = Debug|x64
		Debug|x86 = Debug|x86
		Release|Any CPU = Release|Any CPU
		Release|x64 = Release|x64
		Release|x86 = Release|x86
	EndGlobalSection
	GlobalSection(SolutionProperties) = preSolution
		HideSolutionNode = FALSE
	EndGlobalSection
	GlobalSection(ProjectConfigurationPlatforms) = postSolution
		{D50B896A-58E2-44D4-979E-DB8C9BEC1B34}.Debug|Any CPU.ActiveCfg = Debug|Any CPU
		{D50B896A-58E2-44D4-979E-DB8C9BEC1B34}.Debug|Any CPU.Build.0 = Debug|Any CPU
		{D50B896A-58E2-44D4-979E-DB8C9BEC1B34}.Debug|x64.ActiveCfg = Debug|Any CPU
		{D50B896A-58E2-44D4-979E-DB8C9BEC1B34}.Debug|x64.Build.0 = Debug|Any CPU
		{D50B896A-58E2-44D4-979E-DB8C9BEC1B34}.Debug|x86.ActiveCfg = Debug|Any CPU
		{D50B896A-58E2-44D4-979E-DB8C9BEC1B34}.Debug|x86.Build.0 = Debug|Any CPU
		{D50B896A-58E2-44D4-979E-DB8C9BEC1B34}.Release|Any CPU.ActiveCfg = Release|Any CPU
		{D50B896A-58E2-44D4-979E-DB8C9BEC1B34}.Release|Any CPU.Build.0 = Release|Any CPU
		{D50B896A-58E2-44D4-979E-DB8C9BEC1B34}.Release|x64.ActiveCfg = Release|Any CPU
		{D50B896A-58E2-44D4-979E-DB8C9BEC1B34}.Release|x64.Build.0 = Release|Any CPU
		{D50B896A-58E2-44D4-979E-DB8C9BEC1B34}.Release|x86.ActiveCfg = Release|Any CPU
		{D50B896A-58E2-44D4-979E-DB8C9BEC1B34}.Release|x86.Build.0 = Release|Any CPU
		{CAC6325F-EFB5-4C21-9B1C-A2A5846111B5}.Debug|Any CPU.ActiveCfg = Debug|Any CPU
		{CAC6325F-EFB5-4C21-9B1C-A2A5846111B5}.Debug|Any CPU.Build.0 = Debug|Any CPU
		{CAC6325F-EFB5-4C21-9B1C-A2A5846111B5}.Debug|x64.ActiveCfg = Debug|Any CPU
		{CAC6325F-EFB5-4C21-9B1C-A2A5846111B5}.Debug|x64.Build.0 = Debug|Any CPU
		{CAC6325F-EFB5-4C21-9B1C-A2A5846111B5}.Debug|x86.ActiveCfg = Debug|Any CPU
		{CAC6325F-EFB5-4C21-9B1C-A2A5846111B5}.Debug|x86.Build.0 = Debug|Any CPU
		{CAC6325F-EFB5-4C21-9B1C-A2A5846111B5}.Release|Any CPU.ActiveCfg = Release|Any CPU
		{CAC6325F-EFB5-4C21-9B1C-A2A5846111B5}.Release|Any CPU.Build.0 = Release|Any CPU
		{CAC6325F-EFB5-4C21-9B1C-A2A5846111B5}.Release|x64.ActiveCfg = Release|Any CPU
		{CAC6325F-EFB5-4C21-9B1C-A2A5846111B5}.Release|x64.Build.0 = Release|Any CPU
		{CAC6325F-EFB5-4C21-9B1C-A2A5846111B5}.Release|x86.ActiveCfg = Release|Any CPU
		{CAC6325F-EFB5-4C21-9B1C-A2A5846111B5}.Release|x86.Build.0 = Release|Any CPU
		{633AA6C6-D906-46EF-89E4-D5B4E45BA6FD}.Debug|Any CPU.ActiveCfg = Debug|Any CPU
		{633AA6C6-D906-46EF-89E4-D5B4E45BA6FD}.Debug|Any CPU.Build.0 = Debug|Any CPU
		{633AA6C6-D906-46EF-89E4-D5B4E45BA6FD}.Debug|x64.ActiveCfg = Debug|Any CPU
		{633AA6C6-D906-46EF-89E4-D5B4E45BA6FD}.Debug|x64.Build.0 = Debug|Any CPU
		{633AA6C6-D906-46EF-89E4-D5B4E45BA6FD}.Debug|x86.ActiveCfg = Debug|Any CPU
		{633AA6C6-D906-46EF-89E4-D5B4E45BA6FD}.Debug|x86.Build.0 = Debug|Any CPU
		{633AA6C6-D906-46EF-89E4-D5B4E45BA6FD}.Release|Any CPU.ActiveCfg = Release|Any CPU
		{633AA6C6-D906-46EF-89E4-D5B4E45BA6FD}.Release|Any CPU.Build.0 = Release|Any CPU
		{633AA6C6-D906-46EF-89E4-D5B4E45BA6FD}.Release|x64.ActiveCfg = Release|Any CPU
		{633AA6C6-D906-46EF-89E4-D5B4E45BA6FD}.Release|x64.Build.0 = Release|Any CPU
		{633AA6C6-D906-46EF-89E4-D5B4E45BA6FD}.Release|x86.ActiveCfg = Release|Any CPU
		{633AA6C6-D906-46EF-89E4-D5B4E45BA6FD}.Release|x86.Build.0 = Release|Any CPU
		{43B3B94F-0B79-41F3-8C85-15CDDF4E45DF}.Debug|Any CPU.ActiveCfg = Debug|Any CPU
		{43B3B94F-0B79-41F3-8C85-15CDDF4E45DF}.Debug|Any CPU.Build.0 = Debug|Any CPU
		{43B3B94F-0B79-41F3-8C85-15CDDF4E45DF}.Debug|x64.ActiveCfg = Debug|Any CPU
		{43B3B94F-0B79-41F3-8C85-15CDDF4E45DF}.Debug|x64.Build.0 = Debug|Any CPU
		{43B3B94F-0B79-41F3-8C85-15CDDF4E45DF}.Debug|x86.ActiveCfg = Debug|Any CPU
		{43B3B94F-0B79-41F3-8C85-15CDDF4E45DF}.Debug|x86.Build.0 = Debug|Any CPU
		{43B3B94F-0B79-41F3-8C85-15CDDF4E45DF}.Release|Any CPU.ActiveCfg = Release|Any CPU
		{43B3B94F-0B79-41F3-8C85-15CDDF4E45DF}.Release|Any CPU.Build.0 = Release|Any CPU
		{43B3B94F-0B79-41F3-8C85-15CDDF4E45DF}.Release|x64.ActiveCfg = Release|Any CPU
		{43B3B94F-0B79-41F3-8C85-15CDDF4E45DF}.Release|x64.Build.0 = Release|Any CPU
		{43B3B94F-0B79-41F3-8C85-15CDDF4E45DF}.Release|x86.ActiveCfg = Release|Any CPU
		{43B3B94F-0B79-41F3-8C85-15CDDF4E45DF}.Release|x86.Build.0 = Release|Any CPU
		{3813164E-5345-4A61-AEC3-F779829F41E3}.Debug|Any CPU.ActiveCfg = Debug|Any CPU
		{3813164E-5345-4A61-AEC3-F779829F41E3}.Debug|Any CPU.Build.0 = Debug|Any CPU
		{3813164E-5345-4A61-AEC3-F779829F41E3}.Debug|x64.ActiveCfg = Debug|Any CPU
		{3813164E-5345-4A61-AEC3-F779829F41E3}.Debug|x64.Build.0 = Debug|Any CPU
		{3813164E-5345-4A61-AEC3-F779829F41E3}.Debug|x86.ActiveCfg = Debug|Any CPU
		{3813164E-5345-4A61-AEC3-F779829F41E3}.Debug|x86.Build.0 = Debug|Any CPU
		{3813164E-5345-4A61-AEC3-F779829F41E3}.Release|Any CPU.ActiveCfg = Release|Any CPU
		{3813164E-5345-4A61-AEC3-F779829F41E3}.Release|Any CPU.Build.0 = Release|Any CPU
		{3813164E-5345-4A61-AEC3-F779829F41E3}.Release|x64.ActiveCfg = Release|Any CPU
		{3813164E-5345-4A61-AEC3-F779829F41E3}.Release|x64.Build.0 = Release|Any CPU
		{3813164E-5345-4A61-AEC3-F779829F41E3}.Release|x86.ActiveCfg = Release|Any CPU
		{3813164E-5345-4A61-AEC3-F779829F41E3}.Release|x86.Build.0 = Release|Any CPU
		{15D661DB-B073-4191-B22A-3B0E2355E311}.Debug|Any CPU.ActiveCfg = Debug|Any CPU
		{15D661DB-B073-4191-B22A-3B0E2355E311}.Debug|Any CPU.Build.0 = Debug|Any CPU
		{15D661DB-B073-4191-B22A-3B0E2355E311}.Debug|x64.ActiveCfg = Debug|Any CPU
		{15D661DB-B073-4191-B22A-3B0E2355E311}.Debug|x64.Build.0 = Debug|Any CPU
		{15D661DB-B073-4191-B22A-3B0E2355E311}.Debug|x86.ActiveCfg = Debug|Any CPU
		{15D661DB-B073-4191-B22A-3B0E2355E311}.Debug|x86.Build.0 = Debug|Any CPU
		{15D661DB-B073-4191-B22A-3B0E2355E311}.Release|Any CPU.ActiveCfg = Release|Any CPU
		{15D661DB-B073-4191-B22A-3B0E2355E311}.Release|Any CPU.Build.0 = Release|Any CPU
		{15D661DB-B073-4191-B22A-3B0E2355E311}.Release|x64.ActiveCfg = Release|Any CPU
		{15D661DB-B073-4191-B22A-3B0E2355E311}.Release|x64.Build.0 = Release|Any CPU
		{15D661DB-B073-4191-B22A-3B0E2355E311}.Release|x86.ActiveCfg = Release|Any CPU
		{15D661DB-B073-4191-B22A-3B0E2355E311}.Release|x86.Build.0 = Release|Any CPU
		{80FC2442-3BF6-4D5A-A6F0-938409A83213}.Debug|Any CPU.ActiveCfg = Debug|Any CPU
		{80FC2442-3BF6-4D5A-A6F0-938409A83213}.Debug|Any CPU.Build.0 = Debug|Any CPU
		{80FC2442-3BF6-4D5A-A6F0-938409A83213}.Debug|x64.ActiveCfg = Debug|Any CPU
		{80FC2442-3BF6-4D5A-A6F0-938409A83213}.Debug|x64.Build.0 = Debug|Any CPU
		{80FC2442-3BF6-4D5A-A6F0-938409A83213}.Debug|x86.ActiveCfg = Debug|Any CPU
		{80FC2442-3BF6-4D5A-A6F0-938409A83213}.Debug|x86.Build.0 = Debug|Any CPU
		{80FC2442-3BF6-4D5A-A6F0-938409A83213}.Release|Any CPU.ActiveCfg = Release|Any CPU
		{80FC2442-3BF6-4D5A-A6F0-938409A83213}.Release|Any CPU.Build.0 = Release|Any CPU
		{80FC2442-3BF6-4D5A-A6F0-938409A83213}.Release|x64.ActiveCfg = Release|Any CPU
		{80FC2442-3BF6-4D5A-A6F0-938409A83213}.Release|x64.Build.0 = Release|Any CPU
		{80FC2442-3BF6-4D5A-A6F0-938409A83213}.Release|x86.ActiveCfg = Release|Any CPU
		{80FC2442-3BF6-4D5A-A6F0-938409A83213}.Release|x86.Build.0 = Release|Any CPU
		{CE088F9C-AD90-4308-A3F4-DC061E37D937}.Debug|Any CPU.ActiveCfg = Debug|Any CPU
		{CE088F9C-AD90-4308-A3F4-DC061E37D937}.Debug|Any CPU.Build.0 = Debug|Any CPU
		{CE088F9C-AD90-4308-A3F4-DC061E37D937}.Debug|x64.ActiveCfg = Debug|Any CPU
		{CE088F9C-AD90-4308-A3F4-DC061E37D937}.Debug|x64.Build.0 = Debug|Any CPU
		{CE088F9C-AD90-4308-A3F4-DC061E37D937}.Debug|x86.ActiveCfg = Debug|Any CPU
		{CE088F9C-AD90-4308-A3F4-DC061E37D937}.Debug|x86.Build.0 = Debug|Any CPU
		{CE088F9C-AD90-4308-A3F4-DC061E37D937}.Release|Any CPU.ActiveCfg = Release|Any CPU
		{CE088F9C-AD90-4308-A3F4-DC061E37D937}.Release|Any CPU.Build.0 = Release|Any CPU
		{CE088F9C-AD90-4308-A3F4-DC061E37D937}.Release|x64.ActiveCfg = Release|Any CPU
		{CE088F9C-AD90-4308-A3F4-DC061E37D937}.Release|x64.Build.0 = Release|Any CPU
		{CE088F9C-AD90-4308-A3F4-DC061E37D937}.Release|x86.ActiveCfg = Release|Any CPU
		{CE088F9C-AD90-4308-A3F4-DC061E37D937}.Release|x86.Build.0 = Release|Any CPU
		{6706BBC4-69DA-4CBF-ABE8-F16A42720870}.Debug|Any CPU.ActiveCfg = Debug|Any CPU
		{6706BBC4-69DA-4CBF-ABE8-F16A42720870}.Debug|Any CPU.Build.0 = Debug|Any CPU
		{6706BBC4-69DA-4CBF-ABE8-F16A42720870}.Debug|x64.ActiveCfg = Debug|Any CPU
		{6706BBC4-69DA-4CBF-ABE8-F16A42720870}.Debug|x64.Build.0 = Debug|Any CPU
		{6706BBC4-69DA-4CBF-ABE8-F16A42720870}.Debug|x86.ActiveCfg = Debug|Any CPU
		{6706BBC4-69DA-4CBF-ABE8-F16A42720870}.Debug|x86.Build.0 = Debug|Any CPU
		{6706BBC4-69DA-4CBF-ABE8-F16A42720870}.Release|Any CPU.ActiveCfg = Release|Any CPU
		{6706BBC4-69DA-4CBF-ABE8-F16A42720870}.Release|Any CPU.Build.0 = Release|Any CPU
		{6706BBC4-69DA-4CBF-ABE8-F16A42720870}.Release|x64.ActiveCfg = Release|Any CPU
		{6706BBC4-69DA-4CBF-ABE8-F16A42720870}.Release|x64.Build.0 = Release|Any CPU
		{6706BBC4-69DA-4CBF-ABE8-F16A42720870}.Release|x86.ActiveCfg = Release|Any CPU
		{6706BBC4-69DA-4CBF-ABE8-F16A42720870}.Release|x86.Build.0 = Release|Any CPU
		{4791C4D3-B4A7-480D-AEA3-3658C90F8CAA}.Debug|Any CPU.ActiveCfg = Debug|Any CPU
		{4791C4D3-B4A7-480D-AEA3-3658C90F8CAA}.Debug|Any CPU.Build.0 = Debug|Any CPU
		{4791C4D3-B4A7-480D-AEA3-3658C90F8CAA}.Debug|x64.ActiveCfg = Debug|Any CPU
		{4791C4D3-B4A7-480D-AEA3-3658C90F8CAA}.Debug|x64.Build.0 = Debug|Any CPU
		{4791C4D3-B4A7-480D-AEA3-3658C90F8CAA}.Debug|x86.ActiveCfg = Debug|Any CPU
		{4791C4D3-B4A7-480D-AEA3-3658C90F8CAA}.Debug|x86.Build.0 = Debug|Any CPU
		{4791C4D3-B4A7-480D-AEA3-3658C90F8CAA}.Release|Any CPU.ActiveCfg = Release|Any CPU
		{4791C4D3-B4A7-480D-AEA3-3658C90F8CAA}.Release|Any CPU.Build.0 = Release|Any CPU
		{4791C4D3-B4A7-480D-AEA3-3658C90F8CAA}.Release|x64.ActiveCfg = Release|Any CPU
		{4791C4D3-B4A7-480D-AEA3-3658C90F8CAA}.Release|x64.Build.0 = Release|Any CPU
		{4791C4D3-B4A7-480D-AEA3-3658C90F8CAA}.Release|x86.ActiveCfg = Release|Any CPU
		{4791C4D3-B4A7-480D-AEA3-3658C90F8CAA}.Release|x86.Build.0 = Release|Any CPU
		{9958E490-1AA6-4C1A-893B-FCD1FA64B0CC}.Debug|Any CPU.ActiveCfg = Debug|Any CPU
		{9958E490-1AA6-4C1A-893B-FCD1FA64B0CC}.Debug|Any CPU.Build.0 = Debug|Any CPU
		{9958E490-1AA6-4C1A-893B-FCD1FA64B0CC}.Debug|x64.ActiveCfg = Debug|Any CPU
		{9958E490-1AA6-4C1A-893B-FCD1FA64B0CC}.Debug|x64.Build.0 = Debug|Any CPU
		{9958E490-1AA6-4C1A-893B-FCD1FA64B0CC}.Debug|x86.ActiveCfg = Debug|Any CPU
		{9958E490-1AA6-4C1A-893B-FCD1FA64B0CC}.Debug|x86.Build.0 = Debug|Any CPU
		{9958E490-1AA6-4C1A-893B-FCD1FA64B0CC}.Release|Any CPU.ActiveCfg = Release|Any CPU
		{9958E490-1AA6-4C1A-893B-FCD1FA64B0CC}.Release|Any CPU.Build.0 = Release|Any CPU
		{9958E490-1AA6-4C1A-893B-FCD1FA64B0CC}.Release|x64.ActiveCfg = Release|Any CPU
		{9958E490-1AA6-4C1A-893B-FCD1FA64B0CC}.Release|x64.Build.0 = Release|Any CPU
		{9958E490-1AA6-4C1A-893B-FCD1FA64B0CC}.Release|x86.ActiveCfg = Release|Any CPU
		{9958E490-1AA6-4C1A-893B-FCD1FA64B0CC}.Release|x86.Build.0 = Release|Any CPU
		{DCF531A2-5EFE-49B5-83B7-436352265373}.Debug|Any CPU.ActiveCfg = Debug|Any CPU
		{DCF531A2-5EFE-49B5-83B7-436352265373}.Debug|Any CPU.Build.0 = Debug|Any CPU
		{DCF531A2-5EFE-49B5-83B7-436352265373}.Debug|x64.ActiveCfg = Debug|Any CPU
		{DCF531A2-5EFE-49B5-83B7-436352265373}.Debug|x64.Build.0 = Debug|Any CPU
		{DCF531A2-5EFE-49B5-83B7-436352265373}.Debug|x86.ActiveCfg = Debug|Any CPU
		{DCF531A2-5EFE-49B5-83B7-436352265373}.Debug|x86.Build.0 = Debug|Any CPU
		{DCF531A2-5EFE-49B5-83B7-436352265373}.Release|Any CPU.ActiveCfg = Release|Any CPU
		{DCF531A2-5EFE-49B5-83B7-436352265373}.Release|Any CPU.Build.0 = Release|Any CPU
		{DCF531A2-5EFE-49B5-83B7-436352265373}.Release|x64.ActiveCfg = Release|Any CPU
		{DCF531A2-5EFE-49B5-83B7-436352265373}.Release|x64.Build.0 = Release|Any CPU
		{DCF531A2-5EFE-49B5-83B7-436352265373}.Release|x86.ActiveCfg = Release|Any CPU
		{DCF531A2-5EFE-49B5-83B7-436352265373}.Release|x86.Build.0 = Release|Any CPU
		{5A0C7286-AA9B-4D59-98C4-4CDB9D82407F}.Debug|Any CPU.ActiveCfg = Debug|Any CPU
		{5A0C7286-AA9B-4D59-98C4-4CDB9D82407F}.Debug|Any CPU.Build.0 = Debug|Any CPU
		{5A0C7286-AA9B-4D59-98C4-4CDB9D82407F}.Debug|x64.ActiveCfg = Debug|Any CPU
		{5A0C7286-AA9B-4D59-98C4-4CDB9D82407F}.Debug|x64.Build.0 = Debug|Any CPU
		{5A0C7286-AA9B-4D59-98C4-4CDB9D82407F}.Debug|x86.ActiveCfg = Debug|Any CPU
		{5A0C7286-AA9B-4D59-98C4-4CDB9D82407F}.Debug|x86.Build.0 = Debug|Any CPU
		{5A0C7286-AA9B-4D59-98C4-4CDB9D82407F}.Release|Any CPU.ActiveCfg = Release|Any CPU
		{5A0C7286-AA9B-4D59-98C4-4CDB9D82407F}.Release|Any CPU.Build.0 = Release|Any CPU
		{5A0C7286-AA9B-4D59-98C4-4CDB9D82407F}.Release|x64.ActiveCfg = Release|Any CPU
		{5A0C7286-AA9B-4D59-98C4-4CDB9D82407F}.Release|x64.Build.0 = Release|Any CPU
		{5A0C7286-AA9B-4D59-98C4-4CDB9D82407F}.Release|x86.ActiveCfg = Release|Any CPU
		{5A0C7286-AA9B-4D59-98C4-4CDB9D82407F}.Release|x86.Build.0 = Release|Any CPU
		{0E649F5E-596B-479A-A3C7-C552EC1F794E}.Debug|Any CPU.ActiveCfg = Debug|Any CPU
		{0E649F5E-596B-479A-A3C7-C552EC1F794E}.Debug|Any CPU.Build.0 = Debug|Any CPU
		{0E649F5E-596B-479A-A3C7-C552EC1F794E}.Debug|x64.ActiveCfg = Debug|Any CPU
		{0E649F5E-596B-479A-A3C7-C552EC1F794E}.Debug|x64.Build.0 = Debug|Any CPU
		{0E649F5E-596B-479A-A3C7-C552EC1F794E}.Debug|x86.ActiveCfg = Debug|Any CPU
		{0E649F5E-596B-479A-A3C7-C552EC1F794E}.Debug|x86.Build.0 = Debug|Any CPU
		{0E649F5E-596B-479A-A3C7-C552EC1F794E}.Release|Any CPU.ActiveCfg = Release|Any CPU
		{0E649F5E-596B-479A-A3C7-C552EC1F794E}.Release|Any CPU.Build.0 = Release|Any CPU
		{0E649F5E-596B-479A-A3C7-C552EC1F794E}.Release|x64.ActiveCfg = Release|Any CPU
		{0E649F5E-596B-479A-A3C7-C552EC1F794E}.Release|x64.Build.0 = Release|Any CPU
		{0E649F5E-596B-479A-A3C7-C552EC1F794E}.Release|x86.ActiveCfg = Release|Any CPU
		{0E649F5E-596B-479A-A3C7-C552EC1F794E}.Release|x86.Build.0 = Release|Any CPU
		{E865952F-7002-4392-8971-0228F9AC5813}.Debug|Any CPU.ActiveCfg = Debug|Any CPU
		{E865952F-7002-4392-8971-0228F9AC5813}.Debug|Any CPU.Build.0 = Debug|Any CPU
		{E865952F-7002-4392-8971-0228F9AC5813}.Debug|x64.ActiveCfg = Debug|Any CPU
		{E865952F-7002-4392-8971-0228F9AC5813}.Debug|x64.Build.0 = Debug|Any CPU
		{E865952F-7002-4392-8971-0228F9AC5813}.Debug|x86.ActiveCfg = Debug|Any CPU
		{E865952F-7002-4392-8971-0228F9AC5813}.Debug|x86.Build.0 = Debug|Any CPU
		{E865952F-7002-4392-8971-0228F9AC5813}.Release|Any CPU.ActiveCfg = Release|Any CPU
		{E865952F-7002-4392-8971-0228F9AC5813}.Release|Any CPU.Build.0 = Release|Any CPU
		{E865952F-7002-4392-8971-0228F9AC5813}.Release|x64.ActiveCfg = Release|Any CPU
		{E865952F-7002-4392-8971-0228F9AC5813}.Release|x64.Build.0 = Release|Any CPU
		{E865952F-7002-4392-8971-0228F9AC5813}.Release|x86.ActiveCfg = Release|Any CPU
		{E865952F-7002-4392-8971-0228F9AC5813}.Release|x86.Build.0 = Release|Any CPU
		{FB3896E7-D43F-4755-B399-A967D865C473}.Debug|Any CPU.ActiveCfg = Debug|Any CPU
		{FB3896E7-D43F-4755-B399-A967D865C473}.Debug|Any CPU.Build.0 = Debug|Any CPU
		{FB3896E7-D43F-4755-B399-A967D865C473}.Debug|x64.ActiveCfg = Debug|Any CPU
		{FB3896E7-D43F-4755-B399-A967D865C473}.Debug|x64.Build.0 = Debug|Any CPU
		{FB3896E7-D43F-4755-B399-A967D865C473}.Debug|x86.ActiveCfg = Debug|Any CPU
		{FB3896E7-D43F-4755-B399-A967D865C473}.Debug|x86.Build.0 = Debug|Any CPU
		{FB3896E7-D43F-4755-B399-A967D865C473}.Release|Any CPU.ActiveCfg = Release|Any CPU
		{FB3896E7-D43F-4755-B399-A967D865C473}.Release|Any CPU.Build.0 = Release|Any CPU
		{FB3896E7-D43F-4755-B399-A967D865C473}.Release|x64.ActiveCfg = Release|Any CPU
		{FB3896E7-D43F-4755-B399-A967D865C473}.Release|x64.Build.0 = Release|Any CPU
		{FB3896E7-D43F-4755-B399-A967D865C473}.Release|x86.ActiveCfg = Release|Any CPU
		{FB3896E7-D43F-4755-B399-A967D865C473}.Release|x86.Build.0 = Release|Any CPU
		{5FD7F351-B8D4-4B11-9A9B-BD342EB3E380}.Debug|Any CPU.ActiveCfg = Debug|Any CPU
		{5FD7F351-B8D4-4B11-9A9B-BD342EB3E380}.Debug|Any CPU.Build.0 = Debug|Any CPU
		{5FD7F351-B8D4-4B11-9A9B-BD342EB3E380}.Debug|x64.ActiveCfg = Debug|Any CPU
		{5FD7F351-B8D4-4B11-9A9B-BD342EB3E380}.Debug|x64.Build.0 = Debug|Any CPU
		{5FD7F351-B8D4-4B11-9A9B-BD342EB3E380}.Debug|x86.ActiveCfg = Debug|Any CPU
		{5FD7F351-B8D4-4B11-9A9B-BD342EB3E380}.Debug|x86.Build.0 = Debug|Any CPU
		{5FD7F351-B8D4-4B11-9A9B-BD342EB3E380}.Release|Any CPU.ActiveCfg = Release|Any CPU
		{5FD7F351-B8D4-4B11-9A9B-BD342EB3E380}.Release|Any CPU.Build.0 = Release|Any CPU
		{5FD7F351-B8D4-4B11-9A9B-BD342EB3E380}.Release|x64.ActiveCfg = Release|Any CPU
		{5FD7F351-B8D4-4B11-9A9B-BD342EB3E380}.Release|x64.Build.0 = Release|Any CPU
		{5FD7F351-B8D4-4B11-9A9B-BD342EB3E380}.Release|x86.ActiveCfg = Release|Any CPU
		{5FD7F351-B8D4-4B11-9A9B-BD342EB3E380}.Release|x86.Build.0 = Release|Any CPU
		{5AB7926F-AEA1-4BAE-9BA6-7F81431F4921}.Debug|Any CPU.ActiveCfg = Debug|Any CPU
		{5AB7926F-AEA1-4BAE-9BA6-7F81431F4921}.Debug|Any CPU.Build.0 = Debug|Any CPU
		{5AB7926F-AEA1-4BAE-9BA6-7F81431F4921}.Debug|x64.ActiveCfg = Debug|Any CPU
		{5AB7926F-AEA1-4BAE-9BA6-7F81431F4921}.Debug|x64.Build.0 = Debug|Any CPU
		{5AB7926F-AEA1-4BAE-9BA6-7F81431F4921}.Debug|x86.ActiveCfg = Debug|Any CPU
		{5AB7926F-AEA1-4BAE-9BA6-7F81431F4921}.Debug|x86.Build.0 = Debug|Any CPU
		{5AB7926F-AEA1-4BAE-9BA6-7F81431F4921}.Release|Any CPU.ActiveCfg = Release|Any CPU
		{5AB7926F-AEA1-4BAE-9BA6-7F81431F4921}.Release|Any CPU.Build.0 = Release|Any CPU
		{5AB7926F-AEA1-4BAE-9BA6-7F81431F4921}.Release|x64.ActiveCfg = Release|Any CPU
		{5AB7926F-AEA1-4BAE-9BA6-7F81431F4921}.Release|x64.Build.0 = Release|Any CPU
		{5AB7926F-AEA1-4BAE-9BA6-7F81431F4921}.Release|x86.ActiveCfg = Release|Any CPU
		{5AB7926F-AEA1-4BAE-9BA6-7F81431F4921}.Release|x86.Build.0 = Release|Any CPU
		{43642F3D-2786-4397-978C-C3D3705D6367}.Debug|Any CPU.ActiveCfg = Debug|Any CPU
		{43642F3D-2786-4397-978C-C3D3705D6367}.Debug|Any CPU.Build.0 = Debug|Any CPU
		{43642F3D-2786-4397-978C-C3D3705D6367}.Debug|x64.ActiveCfg = Debug|Any CPU
		{43642F3D-2786-4397-978C-C3D3705D6367}.Debug|x64.Build.0 = Debug|Any CPU
		{43642F3D-2786-4397-978C-C3D3705D6367}.Debug|x86.ActiveCfg = Debug|Any CPU
		{43642F3D-2786-4397-978C-C3D3705D6367}.Debug|x86.Build.0 = Debug|Any CPU
		{43642F3D-2786-4397-978C-C3D3705D6367}.Release|Any CPU.ActiveCfg = Release|Any CPU
		{43642F3D-2786-4397-978C-C3D3705D6367}.Release|Any CPU.Build.0 = Release|Any CPU
		{43642F3D-2786-4397-978C-C3D3705D6367}.Release|x64.ActiveCfg = Release|Any CPU
		{43642F3D-2786-4397-978C-C3D3705D6367}.Release|x64.Build.0 = Release|Any CPU
		{43642F3D-2786-4397-978C-C3D3705D6367}.Release|x86.ActiveCfg = Release|Any CPU
		{43642F3D-2786-4397-978C-C3D3705D6367}.Release|x86.Build.0 = Release|Any CPU
	EndGlobalSection
	GlobalSection(NestedProjects) = preSolution
		{D50B896A-58E2-44D4-979E-DB8C9BEC1B34} = {EF27C58D-8E33-4F61-A4E3-EC33C42D845C}
		{CAC6325F-EFB5-4C21-9B1C-A2A5846111B5} = {EF27C58D-8E33-4F61-A4E3-EC33C42D845C}
		{633AA6C6-D906-46EF-89E4-D5B4E45BA6FD} = {EF27C58D-8E33-4F61-A4E3-EC33C42D845C}
		{43B3B94F-0B79-41F3-8C85-15CDDF4E45DF} = {EF27C58D-8E33-4F61-A4E3-EC33C42D845C}
		{3813164E-5345-4A61-AEC3-F779829F41E3} = {EF27C58D-8E33-4F61-A4E3-EC33C42D845C}
		{15D661DB-B073-4191-B22A-3B0E2355E311} = {48B886F7-0240-47F9-A7AC-FB9A9976F4E6}
		{80FC2442-3BF6-4D5A-A6F0-938409A83213} = {48B886F7-0240-47F9-A7AC-FB9A9976F4E6}
		{CE088F9C-AD90-4308-A3F4-DC061E37D937} = {48B886F7-0240-47F9-A7AC-FB9A9976F4E6}
		{6706BBC4-69DA-4CBF-ABE8-F16A42720870} = {48B886F7-0240-47F9-A7AC-FB9A9976F4E6}
		{4791C4D3-B4A7-480D-AEA3-3658C90F8CAA} = {48B886F7-0240-47F9-A7AC-FB9A9976F4E6}
		{E45E43EB-6239-4B67-8A58-91767A577EAA} = {BCCCE389-0E61-4FAB-9B9A-6B9EA68DC1A4}
		{338A3996-8D90-478B-80A1-9CE36E981D37} = {E45E43EB-6239-4B67-8A58-91767A577EAA}
		{9958E490-1AA6-4C1A-893B-FCD1FA64B0CC} = {338A3996-8D90-478B-80A1-9CE36E981D37}
		{5A0C7286-AA9B-4D59-98C4-4CDB9D82407F} = {338A3996-8D90-478B-80A1-9CE36E981D37}
		{F606E410-EAE6-4B8C-93A0-0E2B5FC5F2AC} = {E45E43EB-6239-4B67-8A58-91767A577EAA}
		{DCF531A2-5EFE-49B5-83B7-436352265373} = {F606E410-EAE6-4B8C-93A0-0E2B5FC5F2AC}
		{0E649F5E-596B-479A-A3C7-C552EC1F794E} = {338A3996-8D90-478B-80A1-9CE36E981D37}
		{048B7695-7D79-41D4-BFF8-E4AAE176D6CF} = {E45E43EB-6239-4B67-8A58-91767A577EAA}
		{E865952F-7002-4392-8971-0228F9AC5813} = {048B7695-7D79-41D4-BFF8-E4AAE176D6CF}
		{FB3896E7-D43F-4755-B399-A967D865C473} = {338A3996-8D90-478B-80A1-9CE36E981D37}
		{5FD7F351-B8D4-4B11-9A9B-BD342EB3E380} = {048B7695-7D79-41D4-BFF8-E4AAE176D6CF}
		{5AB7926F-AEA1-4BAE-9BA6-7F81431F4921} = {048B7695-7D79-41D4-BFF8-E4AAE176D6CF}
		{43642F3D-2786-4397-978C-C3D3705D6367} = {EF27C58D-8E33-4F61-A4E3-EC33C42D845C}
	EndGlobalSection
EndGlobal
